
Microsoft Visual Studio Solution File, Format Version 12.00
# Visual Studio Version 17
VisualStudioVersion = 17.14.36408.4
MinimumVisualStudioVersion = 10.0.40219.1
Project("{FAE04EC0-301F-11D3-BF4B-00C04F79EFBC}") = "CompressionForce.Web", "CompressionForce.Web\CompressionForce.Web.csproj", "{698CABA1-908B-4691-AB9C-673C023C8711}"
	ProjectSection(ProjectDependencies) = postProject
		{0B0B7947-9729-4489-9AFA-84E7D3ADC811} = {0B0B7947-9729-4489-9AFA-84E7D3ADC811}
	EndProjectSection
EndProject
Project("{FAE04EC0-301F-11D3-BF4B-00C04F79EFBC}") = "CompressionForce.Services", "CompressionForce.Services\CompressionForce.Services.csproj", "{962FB283-7071-4EB0-A3C6-E4E65204C334}"
EndProject
Project("{FAE04EC0-301F-11D3-BF4B-00C04F79EFBC}") = "CompressionForce.Domain", "CompressionForce.Domain\CompressionForce.Domain.csproj", "{0B0B7947-9729-4489-9AFA-84E7D3ADC811}"
EndProject
Project("{FAE04EC0-301F-11D3-BF4B-00C04F79EFBC}") = "CompressionForce.Integrations", "CompressionForce.Integrations\CompressionForce.Integrations.csproj", "{44AC0651-113B-4AC6-9923-E77B58E816F2}"
EndProject
Project("{FAE04EC0-301F-11D3-BF4B-00C04F79EFBC}") = "CompressionForce.Data", "CompressionForce.Data\CompressionForce.Data.csproj", "{412CDB88-B5CA-43F3-80AE-8226BAFE77A7}"
EndProject
Project("{FAE04EC0-301F-11D3-BF4B-00C04F79EFBC}") = "CompressionForce.SignalGeneration", "CompressionForce.SignalGeneration\CompressionForce.SignalGeneration.csproj", "{8CD3D963-12DA-445D-B397-9F325D138C5B}"
EndProject
Project("{FAE04EC0-301F-11D3-BF4B-00C04F79EFBC}") = "CompressionForce.SignalTooling.Cli", "CompressionForce.SignalTooling.Cli\CompressionForce.SignalTooling.Cli.csproj", "{BD7D947A-4013-4C23-B024-F3E5EF21AD44}"
EndProject
Project("{FAE04EC0-301F-11D3-BF4B-00C04F79EFBC}") = "CompressionForce.SignalRules", "CompressionForce.SignalRules\CompressionForce.SignalRules.csproj", "{6938F526-1121-426E-8402-B9B0D60CC2D9}"
EndProject
Project("{FAE04EC0-301F-11D3-BF4B-00C04F79EFBC}") = "CompressionForce.SignalRules.Tests", "CompressionForce.SignalRules.Tests\CompressionForce.SignalRules.Tests.csproj", "{0242D5F0-1B8B-4751-85C0-33F2A150006B}"
	ProjectSection(ProjectDependencies) = postProject
		{6938F526-1121-426E-8402-B9B0D60CC2D9} = {6938F526-1121-426E-8402-B9B0D60CC2D9}
	EndProjectSection
EndProject
Global
	GlobalSection(SolutionConfigurationPlatforms) = preSolution
		Debug|Any CPU = Debug|Any CPU
		Release|Any CPU = Release|Any CPU
	EndGlobalSection
	GlobalSection(ProjectConfigurationPlatforms) = postSolution
		{698CABA1-908B-4691-AB9C-673C023C8711}.Debug|Any CPU.ActiveCfg = Debug|Any CPU
		{698CABA1-908B-4691-AB9C-673C023C8711}.Debug|Any CPU.Build.0 = Debug|Any CPU
		{698CABA1-908B-4691-AB9C-673C023C8711}.Release|Any CPU.ActiveCfg = Release|Any CPU
		{698CABA1-908B-4691-AB9C-673C023C8711}.Release|Any CPU.Build.0 = Release|Any CPU
		{962FB283-7071-4EB0-A3C6-E4E65204C334}.Debug|Any CPU.ActiveCfg = Debug|Any CPU
		{962FB283-7071-4EB0-A3C6-E4E65204C334}.Debug|Any CPU.Build.0 = Debug|Any CPU
		{962FB283-7071-4EB0-A3C6-E4E65204C334}.Release|Any CPU.ActiveCfg = Release|Any CPU
		{962FB283-7071-4EB0-A3C6-E4E65204C334}.Release|Any CPU.Build.0 = Release|Any CPU
		{0B0B7947-9729-4489-9AFA-84E7D3ADC811}.Debug|Any CPU.ActiveCfg = Debug|Any CPU
		{0B0B7947-9729-4489-9AFA-84E7D3ADC811}.Debug|Any CPU.Build.0 = Debug|Any CPU
		{0B0B7947-9729-4489-9AFA-84E7D3ADC811}.Release|Any CPU.ActiveCfg = Release|Any CPU
		{0B0B7947-9729-4489-9AFA-84E7D3ADC811}.Release|Any CPU.Build.0 = Release|Any CPU
		{44AC0651-113B-4AC6-9923-E77B58E816F2}.Debug|Any CPU.ActiveCfg = Debug|Any CPU
		{44AC0651-113B-4AC6-9923-E77B58E816F2}.Debug|Any CPU.Build.0 = Debug|Any CPU
		{44AC0651-113B-4AC6-9923-E77B58E816F2}.Release|Any CPU.ActiveCfg = Release|Any CPU
		{44AC0651-113B-4AC6-9923-E77B58E816F2}.Release|Any CPU.Build.0 = Release|Any CPU
		{412CDB88-B5CA-43F3-80AE-8226BAFE77A7}.Debug|Any CPU.ActiveCfg = Debug|Any CPU
		{412CDB88-B5CA-43F3-80AE-8226BAFE77A7}.Debug|Any CPU.Build.0 = Debug|Any CPU
		{412CDB88-B5CA-43F3-80AE-8226BAFE77A7}.Release|Any CPU.ActiveCfg = Release|Any CPU
		{412CDB88-B5CA-43F3-80AE-8226BAFE77A7}.Release|Any CPU.Build.0 = Release|Any CPU
		{8CD3D963-12DA-445D-B397-9F325D138C5B}.Debug|Any CPU.ActiveCfg = Debug|Any CPU
		{8CD3D963-12DA-445D-B397-9F325D138C5B}.Debug|Any CPU.Build.0 = Debug|Any CPU
		{8CD3D963-12DA-445D-B397-9F325D138C5B}.Release|Any CPU.ActiveCfg = Release|Any CPU
		{8CD3D963-12DA-445D-B397-9F325D138C5B}.Release|Any CPU.Build.0 = Release|Any CPU
		{BD7D947A-4013-4C23-B024-F3E5EF21AD44}.Debug|Any CPU.ActiveCfg = Debug|Any CPU
		{BD7D947A-4013-4C23-B024-F3E5EF21AD44}.Debug|Any CPU.Build.0 = Debug|Any CPU
		{BD7D947A-4013-4C23-B024-F3E5EF21AD44}.Release|Any CPU.ActiveCfg = Release|Any CPU
		{BD7D947A-4013-4C23-B024-F3E5EF21AD44}.Release|Any CPU.Build.0 = Release|Any CPU
		{6938F526-1121-426E-8402-B9B0D60CC2D9}.Debug|Any CPU.ActiveCfg = Debug|Any CPU
		{6938F526-1121-426E-8402-B9B0D60CC2D9}.Debug|Any CPU.Build.0 = Debug|Any CPU
		{6938F526-1121-426E-8402-B9B0D60CC2D9}.Release|Any CPU.ActiveCfg = Release|Any CPU
		{6938F526-1121-426E-8402-B9B0D60CC2D9}.Release|Any CPU.Build.0 = Release|Any CPU
		{0242D5F0-1B8B-4751-85C0-33F2A150006B}.Debug|Any CPU.ActiveCfg = Debug|Any CPU
		{0242D5F0-1B8B-4751-85C0-33F2A150006B}.Debug|Any CPU.Build.0 = Debug|Any CPU
		{0242D5F0-1B8B-4751-85C0-33F2A150006B}.Release|Any CPU.ActiveCfg = Release|Any CPU
		{0242D5F0-1B8B-4751-85C0-33F2A150006B}.Release|Any CPU.Build.0 = Release|Any CPU
	EndGlobalSection
	GlobalSection(SolutionProperties) = preSolution
		HideSolutionNode = FALSE
	EndGlobalSection
	GlobalSection(ExtensibilityGlobals) = postSolution
		SolutionGuid = {C45AAD0E-1181-48A7-8B5D-805475C55CF8}
	EndGlobalSection
EndGlobal
